
Microsoft Visual Studio Solution File, Format Version 12.00
# Visual Studio Version 17
VisualStudioVersion = 17.11.35303.130
MinimumVisualStudioVersion = 10.0.40219.1
Project("{FAE04EC0-301F-11D3-BF4B-00C04F79EFBC}") = "Matriz_Ex", "Matriz_Ex\Matriz_Ex.csproj", "{D9772909-516D-4113-A3E5-ED81C3900FC4}"
EndProject
Global
	GlobalSection(SolutionConfigurationPlatforms) = preSolution
		Debug|Any CPU = Debug|Any CPU
		Release|Any CPU = Release|Any CPU
	EndGlobalSection
	GlobalSection(ProjectConfigurationPlatforms) = postSolution
		{D9772909-516D-4113-A3E5-ED81C3900FC4}.Debug|Any CPU.ActiveCfg = Debug|Any CPU
		{D9772909-516D-4113-A3E5-ED81C3900FC4}.Debug|Any CPU.Build.0 = Debug|Any CPU
		{D9772909-516D-4113-A3E5-ED81C3900FC4}.Release|Any CPU.ActiveCfg = Release|Any CPU
		{D9772909-516D-4113-A3E5-ED81C3900FC4}.Release|Any CPU.Build.0 = Release|Any CPU
	EndGlobalSection
	GlobalSection(SolutionProperties) = preSolution
		HideSolutionNode = FALSE
	EndGlobalSection
	GlobalSection(ExtensibilityGlobals) = postSolution
		SolutionGuid = {94169DAF-5D88-4A5A-8E81-321F44DAE9AB}
	EndGlobalSection
EndGlobal
