
Microsoft Visual Studio Solution File, Format Version 12.00
# Visual Studio Version 17
VisualStudioVersion = 17.11.35303.130
MinimumVisualStudioVersion = 10.0.40219.1
Project("{FAE04EC0-301F-11D3-BF4B-00C04F79EFBC}") = "Using_Block", "Using_Block\Using_Block.csproj", "{C690A075-2F37-4F85-ACE7-B6A13B8DDFD3}"
EndProject
Global
	GlobalSection(SolutionConfigurationPlatforms) = preSolution
		Debug|Any CPU = Debug|Any CPU
		Release|Any CPU = Release|Any CPU
	EndGlobalSection
	GlobalSection(ProjectConfigurationPlatforms) = postSolution
		{C690A075-2F37-4F85-ACE7-B6A13B8DDFD3}.Debug|Any CPU.ActiveCfg = Debug|Any CPU
		{C690A075-2F37-4F85-ACE7-B6A13B8DDFD3}.Debug|Any CPU.Build.0 = Debug|Any CPU
		{C690A075-2F37-4F85-ACE7-B6A13B8DDFD3}.Release|Any CPU.ActiveCfg = Release|Any CPU
		{C690A075-2F37-4F85-ACE7-B6A13B8DDFD3}.Release|Any CPU.Build.0 = Release|Any CPU
	EndGlobalSection
	GlobalSection(SolutionProperties) = preSolution
		HideSolutionNode = FALSE
	EndGlobalSection
	GlobalSection(ExtensibilityGlobals) = postSolution
		SolutionGuid = {140620C8-4627-48CE-B18C-BF0B0DBC6F49}
	EndGlobalSection
EndGlobal
