
Microsoft Visual Studio Solution File, Format Version 12.00
# Visual Studio Version 17
VisualStudioVersion = 17.11.35303.130
MinimumVisualStudioVersion = 10.0.40219.1
Project("{FAE04EC0-301F-11D3-BF4B-00C04F79EFBC}") = "Heranca_Ex_02", "Heranca_Ex_02\Heranca_Ex_02.csproj", "{338B085D-B173-438F-B16B-D70CB2208D85}"
EndProject
Global
	GlobalSection(SolutionConfigurationPlatforms) = preSolution
		Debug|Any CPU = Debug|Any CPU
		Release|Any CPU = Release|Any CPU
	EndGlobalSection
	GlobalSection(ProjectConfigurationPlatforms) = postSolution
		{338B085D-B173-438F-B16B-D70CB2208D85}.Debug|Any CPU.ActiveCfg = Debug|Any CPU
		{338B085D-B173-438F-B16B-D70CB2208D85}.Debug|Any CPU.Build.0 = Debug|Any CPU
		{338B085D-B173-438F-B16B-D70CB2208D85}.Release|Any CPU.ActiveCfg = Release|Any CPU
		{338B085D-B173-438F-B16B-D70CB2208D85}.Release|Any CPU.Build.0 = Release|Any CPU
	EndGlobalSection
	GlobalSection(SolutionProperties) = preSolution
		HideSolutionNode = FALSE
	EndGlobalSection
	GlobalSection(ExtensibilityGlobals) = postSolution
		SolutionGuid = {2A9A8CB6-CAE2-48AE-B863-87858F10C574}
	EndGlobalSection
EndGlobal
