
Microsoft Visual Studio Solution File, Format Version 12.00
# Visual Studio Version 17
VisualStudioVersion = 17.11.35303.130
MinimumVisualStudioVersion = 10.0.40219.1
Project("{FAE04EC0-301F-11D3-BF4B-00C04F79EFBC}") = "Exercicio_1-05", "Exercicio_1-05\Exercicio_1-05.csproj", "{B6F590C5-9D74-4A86-BF54-3C208A9FAF1F}"
EndProject
Global
	GlobalSection(SolutionConfigurationPlatforms) = preSolution
		Debug|Any CPU = Debug|Any CPU
		Release|Any CPU = Release|Any CPU
	EndGlobalSection
	GlobalSection(ProjectConfigurationPlatforms) = postSolution
		{B6F590C5-9D74-4A86-BF54-3C208A9FAF1F}.Debug|Any CPU.ActiveCfg = Debug|Any CPU
		{B6F590C5-9D74-4A86-BF54-3C208A9FAF1F}.Debug|Any CPU.Build.0 = Debug|Any CPU
		{B6F590C5-9D74-4A86-BF54-3C208A9FAF1F}.Release|Any CPU.ActiveCfg = Release|Any CPU
		{B6F590C5-9D74-4A86-BF54-3C208A9FAF1F}.Release|Any CPU.Build.0 = Release|Any CPU
	EndGlobalSection
	GlobalSection(SolutionProperties) = preSolution
		HideSolutionNode = FALSE
	EndGlobalSection
	GlobalSection(ExtensibilityGlobals) = postSolution
		SolutionGuid = {2EF37279-3A18-406C-9BF6-3BD4EEA4B285}
	EndGlobalSection
EndGlobal
