
Microsoft Visual Studio Solution File, Format Version 12.00
# Visual Studio Version 17
VisualStudioVersion = 17.11.35303.130
MinimumVisualStudioVersion = 10.0.40219.1
Project("{FAE04EC0-301F-11D3-BF4B-00C04F79EFBC}") = "Generics_Ex_01", "Generics_Ex_01\Generics_Ex_01.csproj", "{C09BED59-E176-4994-B3AF-C59D688F87B7}"
EndProject
Global
	GlobalSection(SolutionConfigurationPlatforms) = preSolution
		Debug|Any CPU = Debug|Any CPU
		Release|Any CPU = Release|Any CPU
	EndGlobalSection
	GlobalSection(ProjectConfigurationPlatforms) = postSolution
		{C09BED59-E176-4994-B3AF-C59D688F87B7}.Debug|Any CPU.ActiveCfg = Debug|Any CPU
		{C09BED59-E176-4994-B3AF-C59D688F87B7}.Debug|Any CPU.Build.0 = Debug|Any CPU
		{C09BED59-E176-4994-B3AF-C59D688F87B7}.Release|Any CPU.ActiveCfg = Release|Any CPU
		{C09BED59-E176-4994-B3AF-C59D688F87B7}.Release|Any CPU.Build.0 = Release|Any CPU
	EndGlobalSection
	GlobalSection(SolutionProperties) = preSolution
		HideSolutionNode = FALSE
	EndGlobalSection
	GlobalSection(ExtensibilityGlobals) = postSolution
		SolutionGuid = {5061B9E0-F9B6-433F-AC17-15B018161F1E}
	EndGlobalSection
EndGlobal
